
Microsoft Visual Studio Solution File, Format Version 12.00
# Visual Studio 15
VisualStudioVersion = 15.0.34031.82
MinimumVisualStudioVersion = 10.0.40219.1
Project("{8BC9CEB8-8B4A-11D0-8D11-00A0C91BC942}") = "NET_Counter", "NET_Counter\NET_Counter.vcxproj", "{F84FF4D9-C2B1-4859-A30F-20E3D96B0096}"
EndProject
Global
	GlobalSection(SolutionConfigurationPlatforms) = preSolution
		Debug|x64 = Debug|x64
		Debug|x86 = Debug|x86
		Release|x64 = Release|x64
		Release|x86 = Release|x86
	EndGlobalSection
	GlobalSection(ProjectConfigurationPlatforms) = postSolution
		{F84FF4D9-C2B1-4859-A30F-20E3D96B0096}.Debug|x64.ActiveCfg = Debug|x64
		{F84FF4D9-C2B1-4859-A30F-20E3D96B0096}.Debug|x64.Build.0 = Debug|x64
		{F84FF4D9-C2B1-4859-A30F-20E3D96B0096}.Debug|x86.ActiveCfg = Debug|Win32
		{F84FF4D9-C2B1-4859-A30F-20E3D96B0096}.Debug|x86.Build.0 = Debug|Win32
		{F84FF4D9-C2B1-4859-A30F-20E3D96B0096}.Release|x64.ActiveCfg = Release|x64
		{F84FF4D9-C2B1-4859-A30F-20E3D96B0096}.Release|x64.Build.0 = Release|x64
		{F84FF4D9-C2B1-4859-A30F-20E3D96B0096}.Release|x86.ActiveCfg = Release|Win32
		{F84FF4D9-C2B1-4859-A30F-20E3D96B0096}.Release|x86.Build.0 = Release|Win32
	EndGlobalSection
	GlobalSection(SolutionProperties) = preSolution
		HideSolutionNode = FALSE
	EndGlobalSection
	GlobalSection(ExtensibilityGlobals) = postSolution
		SolutionGuid = {644F423E-4F92-4C07-8B13-47B14E150017}
	EndGlobalSection
EndGlobal
